
Microsoft Visual Studio Solution File, Format Version 12.00
# Visual Studio 14
VisualStudioVersion = 14.0.23107.0
MinimumVisualStudioVersion = 10.0.40219.1
Project("{FAE04EC0-301F-11D3-BF4B-00C04F79EFBC}") = "GymBooster.Core", "GymBooster.Core\GymBooster.Core.csproj", "{FB0DD42D-3508-4BF0-954E-5CECBDCE6CBC}"
EndProject
Project("{FAE04EC0-301F-11D3-BF4B-00C04F79EFBC}") = "GymBooster.Web", "GymBooster.Web\GymBooster.Web.csproj", "{CF04448A-3329-4528-96E2-D91AF0A1E69B}"
EndProject
Project("{FAE04EC0-301F-11D3-BF4B-00C04F79EFBC}") = "GymBooster.WindowsPhone", "GymBooster.WindowsPhone\GymBooster.WindowsPhone.csproj", "{A7B76400-F71E-47B3-BEC8-8802513D6109}"
EndProject
Project("{CC5FD16D-436D-48AD-A40C-5A424C6E3E79}") = "GymBooster.CloudServices", "GymBooster.CloudServices\GymBooster.CloudServices.ccproj", "{729F9D4F-0F98-4476-83ED-9D857037958F}"
EndProject
Project("{FAE04EC0-301F-11D3-BF4B-00C04F79EFBC}") = "GymBoosterRemoteService", "GymBoosterRemoteService\GymBoosterRemoteService.csproj", "{763AE0ED-28F4-40F3-AB8A-5EB619EAB706}"
EndProject
Global
	GlobalSection(SolutionConfigurationPlatforms) = preSolution
		Debug|Any CPU = Debug|Any CPU
		Debug|ARM = Debug|ARM
		Debug|x86 = Debug|x86
		Release|Any CPU = Release|Any CPU
		Release|ARM = Release|ARM
		Release|x86 = Release|x86
	EndGlobalSection
	GlobalSection(ProjectConfigurationPlatforms) = postSolution
		{FB0DD42D-3508-4BF0-954E-5CECBDCE6CBC}.Debug|Any CPU.ActiveCfg = Debug|Any CPU
		{FB0DD42D-3508-4BF0-954E-5CECBDCE6CBC}.Debug|Any CPU.Build.0 = Debug|Any CPU
		{FB0DD42D-3508-4BF0-954E-5CECBDCE6CBC}.Debug|ARM.ActiveCfg = Debug|Any CPU
		{FB0DD42D-3508-4BF0-954E-5CECBDCE6CBC}.Debug|ARM.Build.0 = Debug|Any CPU
		{FB0DD42D-3508-4BF0-954E-5CECBDCE6CBC}.Debug|x86.ActiveCfg = Debug|Any CPU
		{FB0DD42D-3508-4BF0-954E-5CECBDCE6CBC}.Debug|x86.Build.0 = Debug|Any CPU
		{FB0DD42D-3508-4BF0-954E-5CECBDCE6CBC}.Release|Any CPU.ActiveCfg = Release|Any CPU
		{FB0DD42D-3508-4BF0-954E-5CECBDCE6CBC}.Release|Any CPU.Build.0 = Release|Any CPU
		{FB0DD42D-3508-4BF0-954E-5CECBDCE6CBC}.Release|ARM.ActiveCfg = Release|Any CPU
		{FB0DD42D-3508-4BF0-954E-5CECBDCE6CBC}.Release|ARM.Build.0 = Release|Any CPU
		{FB0DD42D-3508-4BF0-954E-5CECBDCE6CBC}.Release|x86.ActiveCfg = Release|Any CPU
		{FB0DD42D-3508-4BF0-954E-5CECBDCE6CBC}.Release|x86.Build.0 = Release|Any CPU
		{CF04448A-3329-4528-96E2-D91AF0A1E69B}.Debug|Any CPU.ActiveCfg = Debug|Any CPU
		{CF04448A-3329-4528-96E2-D91AF0A1E69B}.Debug|Any CPU.Build.0 = Debug|Any CPU
		{CF04448A-3329-4528-96E2-D91AF0A1E69B}.Debug|ARM.ActiveCfg = Debug|Any CPU
		{CF04448A-3329-4528-96E2-D91AF0A1E69B}.Debug|ARM.Build.0 = Debug|Any CPU
		{CF04448A-3329-4528-96E2-D91AF0A1E69B}.Debug|x86.ActiveCfg = Debug|Any CPU
		{CF04448A-3329-4528-96E2-D91AF0A1E69B}.Debug|x86.Build.0 = Debug|Any CPU
		{CF04448A-3329-4528-96E2-D91AF0A1E69B}.Release|Any CPU.ActiveCfg = Release|Any CPU
		{CF04448A-3329-4528-96E2-D91AF0A1E69B}.Release|Any CPU.Build.0 = Release|Any CPU
		{CF04448A-3329-4528-96E2-D91AF0A1E69B}.Release|ARM.ActiveCfg = Release|Any CPU
		{CF04448A-3329-4528-96E2-D91AF0A1E69B}.Release|ARM.Build.0 = Release|Any CPU
		{CF04448A-3329-4528-96E2-D91AF0A1E69B}.Release|x86.ActiveCfg = Release|Any CPU
		{CF04448A-3329-4528-96E2-D91AF0A1E69B}.Release|x86.Build.0 = Release|Any CPU
		{A7B76400-F71E-47B3-BEC8-8802513D6109}.Debug|Any CPU.ActiveCfg = Debug|Any CPU
		{A7B76400-F71E-47B3-BEC8-8802513D6109}.Debug|Any CPU.Build.0 = Debug|Any CPU
		{A7B76400-F71E-47B3-BEC8-8802513D6109}.Debug|Any CPU.Deploy.0 = Debug|Any CPU
		{A7B76400-F71E-47B3-BEC8-8802513D6109}.Debug|ARM.ActiveCfg = Debug|ARM
		{A7B76400-F71E-47B3-BEC8-8802513D6109}.Debug|ARM.Build.0 = Debug|ARM
		{A7B76400-F71E-47B3-BEC8-8802513D6109}.Debug|ARM.Deploy.0 = Debug|ARM
		{A7B76400-F71E-47B3-BEC8-8802513D6109}.Debug|x86.ActiveCfg = Debug|x86
		{A7B76400-F71E-47B3-BEC8-8802513D6109}.Debug|x86.Build.0 = Debug|x86
		{A7B76400-F71E-47B3-BEC8-8802513D6109}.Debug|x86.Deploy.0 = Debug|x86
		{A7B76400-F71E-47B3-BEC8-8802513D6109}.Release|Any CPU.ActiveCfg = Release|Any CPU
		{A7B76400-F71E-47B3-BEC8-8802513D6109}.Release|Any CPU.Build.0 = Release|Any CPU
		{A7B76400-F71E-47B3-BEC8-8802513D6109}.Release|Any CPU.Deploy.0 = Release|Any CPU
		{A7B76400-F71E-47B3-BEC8-8802513D6109}.Release|ARM.ActiveCfg = Release|ARM
		{A7B76400-F71E-47B3-BEC8-8802513D6109}.Release|ARM.Build.0 = Release|ARM
		{A7B76400-F71E-47B3-BEC8-8802513D6109}.Release|ARM.Deploy.0 = Release|ARM
		{A7B76400-F71E-47B3-BEC8-8802513D6109}.Release|x86.ActiveCfg = Release|x86
		{A7B76400-F71E-47B3-BEC8-8802513D6109}.Release|x86.Build.0 = Release|x86
		{A7B76400-F71E-47B3-BEC8-8802513D6109}.Release|x86.Deploy.0 = Release|x86
		{729F9D4F-0F98-4476-83ED-9D857037958F}.Debug|Any CPU.ActiveCfg = Debug|Any CPU
		{729F9D4F-0F98-4476-83ED-9D857037958F}.Debug|Any CPU.Build.0 = Debug|Any CPU
		{729F9D4F-0F98-4476-83ED-9D857037958F}.Debug|ARM.ActiveCfg = Debug|Any CPU
		{729F9D4F-0F98-4476-83ED-9D857037958F}.Debug|ARM.Build.0 = Debug|Any CPU
		{729F9D4F-0F98-4476-83ED-9D857037958F}.Debug|x86.ActiveCfg = Debug|Any CPU
		{729F9D4F-0F98-4476-83ED-9D857037958F}.Debug|x86.Build.0 = Debug|Any CPU
		{729F9D4F-0F98-4476-83ED-9D857037958F}.Release|Any CPU.ActiveCfg = Release|Any CPU
		{729F9D4F-0F98-4476-83ED-9D857037958F}.Release|Any CPU.Build.0 = Release|Any CPU
		{729F9D4F-0F98-4476-83ED-9D857037958F}.Release|ARM.ActiveCfg = Release|Any CPU
		{729F9D4F-0F98-4476-83ED-9D857037958F}.Release|ARM.Build.0 = Release|Any CPU
		{729F9D4F-0F98-4476-83ED-9D857037958F}.Release|x86.ActiveCfg = Release|Any CPU
		{729F9D4F-0F98-4476-83ED-9D857037958F}.Release|x86.Build.0 = Release|Any CPU
		{763AE0ED-28F4-40F3-AB8A-5EB619EAB706}.Debug|Any CPU.ActiveCfg = Debug|Any CPU
		{763AE0ED-28F4-40F3-AB8A-5EB619EAB706}.Debug|Any CPU.Build.0 = Debug|Any CPU
		{763AE0ED-28F4-40F3-AB8A-5EB619EAB706}.Debug|ARM.ActiveCfg = Debug|Any CPU
		{763AE0ED-28F4-40F3-AB8A-5EB619EAB706}.Debug|ARM.Build.0 = Debug|Any CPU
		{763AE0ED-28F4-40F3-AB8A-5EB619EAB706}.Debug|x86.ActiveCfg = Debug|Any CPU
		{763AE0ED-28F4-40F3-AB8A-5EB619EAB706}.Debug|x86.Build.0 = Debug|Any CPU
		{763AE0ED-28F4-40F3-AB8A-5EB619EAB706}.Release|Any CPU.ActiveCfg = Release|Any CPU
		{763AE0ED-28F4-40F3-AB8A-5EB619EAB706}.Release|Any CPU.Build.0 = Release|Any CPU
		{763AE0ED-28F4-40F3-AB8A-5EB619EAB706}.Release|ARM.ActiveCfg = Release|Any CPU
		{763AE0ED-28F4-40F3-AB8A-5EB619EAB706}.Release|ARM.Build.0 = Release|Any CPU
		{763AE0ED-28F4-40F3-AB8A-5EB619EAB706}.Release|x86.ActiveCfg = Release|Any CPU
		{763AE0ED-28F4-40F3-AB8A-5EB619EAB706}.Release|x86.Build.0 = Release|Any CPU
	EndGlobalSection
	GlobalSection(SolutionProperties) = preSolution
		HideSolutionNode = FALSE
	EndGlobalSection
EndGlobal
